
Microsoft Visual Studio Solution File, Format Version 12.00
# Visual Studio Version 16
VisualStudioVersion = 16.0.30804.86
MinimumVisualStudioVersion = 10.0.40219.1
Project("{9A19103F-16F7-4668-BE54-9A1E7A4F7556}") = "LB", "LB.csproj", "{204B09A9-B88C-4B89-BCD8-0E103CABB447}"
EndProject
Global
	GlobalSection(SolutionConfigurationPlatforms) = preSolution
		Debug|Any CPU = Debug|Any CPU
		Release|Any CPU = Release|Any CPU
	EndGlobalSection
	GlobalSection(ProjectConfigurationPlatforms) = postSolution
		{204B09A9-B88C-4B89-BCD8-0E103CABB447}.Debug|Any CPU.ActiveCfg = Debug|Any CPU
		{204B09A9-B88C-4B89-BCD8-0E103CABB447}.Debug|Any CPU.Build.0 = Debug|Any CPU
		{204B09A9-B88C-4B89-BCD8-0E103CABB447}.Release|Any CPU.ActiveCfg = Release|Any CPU
		{204B09A9-B88C-4B89-BCD8-0E103CABB447}.Release|Any CPU.Build.0 = Release|Any CPU
	EndGlobalSection
	GlobalSection(SolutionProperties) = preSolution
		HideSolutionNode = FALSE
	EndGlobalSection
	GlobalSection(ExtensibilityGlobals) = postSolution
		SolutionGuid = {BBBB199C-2555-41A1-9186-405A3940F1A1}
	EndGlobalSection
EndGlobal
